PODS:
  - GoogleWebRTC (1.1.1)

DEPENDENCIES:
  - GoogleWebRTC (from `https://raw.githubusercontent.com/julian-ladjani/GoogleWebRTC/master/podspec.json`)

EXTERNAL SOURCES:
  GoogleWebRTC:
    :podspec: https://raw.githubusercontent.com/julian-ladjani/GoogleWebRTC/master/podspec.json

SPEC CHECKSUMS:
  GoogleWebRTC: 201ffaadc8e8cc75a021d65a4e76ee0043a31374

PODFILE CHECKSUM: c9652881d10bfa04d7aeadbd056209963142cda3

COCOAPODS: 1.9.1
